#!name=百度地图去广告模块
#!desc=百度地图广告清理（卸载重装生效）
#!author=ddgksf2013/Scripts
#!category=AdBlock
#!date=2026-04-02
# 引用链接：
# BaiduMapAdBlock.yaml: https://raw.githubusercontent.com/jnlaoshu/MySelf/main/Egern/Module/BaiduMapAdBlock.yaml

[Rule]
DOMAIN,dss0.bdstatic.com,REJECT,extended-matching,pre-matching
DOMAIN,tb1.bdstatic.com,REJECT,extended-matching,pre-matching
DOMAIN,tb2.bdstatic.com,REJECT,extended-matching,pre-matching
DOMAIN,180.76.76.200,REJECT,extended-matching,pre-matching

[Script]
# 百度地图高级脚本（ddgksf2013 官方最新）
http-response ^https?:\/\/(newclient\.map\.baidu\.com|dss0\.bdstatic\.com) script-path=https://ddgksf2013.top/scripts/bdmap.ads.js, requires-body=true, tag=百度_高级脚本

[MITM]
hostname = %APPEND% newclient.map.baidu.com, *.map.baidu.com, dss0.bdstatic.com, tb1.bdstatic.com, tb2.bdstatic.com, 180.76.76.200, httpdns.baidubce.com