#!name=综合电商去广告
#!desc=2026.04.07 更新。拼多多 + 京东(含京喜) + 淘宝 + 闲鱼 + 美团 + 抖音 + 快手 + 小红书等
#!author=AI优化, ZenmoFeiShi, 可莉🅥, QingRex, RuCu6, Maasea, fmz200, zirawell
#!homepage=https://raw.githubusercontent.com/jnlaoshu/MySelf/main/Egern/Module/EcommerceAdBlock.yaml

[Rule]
DOMAIN,ad.douyin.com,REJECT
DOMAIN,pangolin.snssdk.com,REJECT
DOMAIN,toblog.snssdk.com,REJECT
DOMAIN,api-ad.byteimg.com,REJECT
DOMAIN,e.kuaishou.com,REJECT
DOMAIN,js-ad.a.yximgs.com,REJECT
DOMAIN,open.e.kuaishou.com,REJECT
DOMAIN,api.e.kuaishou.com,REJECT
DOMAIN,titan.pinduoduo.com,REJECT
DOMAIN,xg.pinduoduo.com,REJECT
DOMAIN,apm.pinduoduo.com,REJECT
DOMAIN,apm-a.pinduoduo.com,REJECT
DOMAIN,meta.pinduoduo.com,REJECT
DOMAIN,ta.pinduoduo.com,REJECT
DOMAIN,ta-a.pinduoduo.com,REJECT
DOMAIN,th.pinduoduo.com,REJECT
DOMAIN,th-a.pinduoduo.com,REJECT
DOMAIN,th-b.pinduoduo.com,REJECT
DOMAIN,cdl-1.pddpic.com,REJECT
DOMAIN,cd-1.pddpic.com,REJECT
DOMAIN,cdl-p2.pddpic.com,REJECT
URL-REGEX,^http://\w{32}\.jddebug\.com/diagnose\?,REJECT
DOMAIN,adashx.m.taobao.com,REJECT
DOMAIN,ossgw.alicdn.com,REJECT
DOMAIN,ems.youku.com,REJECT
DOMAIN,hudong.alicdn.com,REJECT
DOMAIN,h-adashx.ut.taobao.com,REJECT
DOMAIN,ut.taobao.com,REJECT
URL-REGEX,^https://acs\.m\.tmall\.com/gw/mtop\.(alibaba\.advertisementservice|alimama\.etao|film\.mtopadvertise|o2o\.ad),REJECT
DOMAIN,portal-portm.meituan.com,REJECT
DOMAIN,metrics-picture.d.meituan.net,REJECT
DOMAIN,maplocatesdksnapshot.d.meituan.net,REJECT
DOMAIN,catdot.dianping.com,REJECT
DOMAIN,catfront.dianping.com,REJECT
IP-CIDR,103.37.155.60/32,REJECT
DOMAIN,www.dpfile.com,REJECT
DOMAIN,nr-op.elemecdn.com,REJECT
DOMAIN,b.appsimg.com,REJECT
DOMAIN,xhslink.com,REJECT
DOMAIN-SUFFIX,poizon.com,REJECT
DOMAIN,ad.suning.com,REJECT

[Rewrite]
http-response-jq ^https:\/\/.*\.(ksapisrv|gifshow)\.com\/rest\/n\/(reskinConfig|sidebarExSquareStyle) 'delpaths([["reskinConfig"],["sidebarExSquareStyle","moreList"],["sidebarExSquareStyle","topList"]]) | .data.sidebarExSquareStyle.commonlyUsedList? |= map(select(.title as $t | $t != "设置" and $t != "历史记录" and $t != "草稿箱" and $t != "我的钱包" and $t != "小程序" and $t != "未成年人模式" and $t != "官方客服" and $t != "内容偏好" and $t != "离线模式" and $t != "稍后再看" and $t != "举报中心" and $t != "挂件"))'
http-response-jq ^https:\/\/.*\.(ksapisrv|gifshow)\.com\/rest\/n\/live\/feed\/square\/refresh 'del(.data.banners)'
http-response-jq ^https:\/\/.*\.(ksapisrv|gifshow)\.com\/rest\/n\/feed\/(selection|selectionFast) '.data.items? |= map(select(.ad != true))'
http-response-jq ^https:\/\/.*\.(ksapisrv|gifshow)\.com\/rest\/n\/user\/profile\/v2 'del(.data.postRecommends)'
http-response-jq ^https:\/\/.*\.(ksapisrv|gifshow)\.com\/rest\/im\/wd\/top\/navigation\/getRecommendedSession 'del(.data.operationRecommendationList)'
http-response-jq ^https:\/\/api\.pinduoduo\.com\/api\/alexa\/homepage\/hub\? 'delpaths([["result","dy_module","irregular_banner_dy"],["result","icon_set"],["result","search_bar_hot_query"]]) | .result.bottom_tabs? |= map(select(.link | IN("index.html", "chat_list.html", "personal.html"))) | .result.buffer_bottom_tabs? |= map(select(.link | IN("index.html", "chat_list.html", "personal.html"))) | .result.all_top_opts? |= map(del(.selected_image, .image, .height, .width))'
http-response-jq ^https:\/\/api\.pinduoduo\.com\/api\/philo\/personal\/hub\? 'delpaths([["monthly_card_entrance"],["personal_center_style_v2_vo"],["icon_set","icons"],["icon_set","top_personal_icons"]])'
http-response-jq ^https:\/\/api\.pinduoduo\.com\/search\? 'delpaths([["expansion"]])'
http-response-jq ^https:\/\/api\.pinduoduo\.com\/api\/oak\/integration\/render\? 'delpaths([["bottom_section_list"],["ui","bottom_section"],["ui","live_section","float_info"]])'
http-response-jq ^https:\/\/api\.pinduoduo\.com\/order\/ 'delpaths([["marketing_banner_vo"],["shipping","banner_above_recommend"]])'
http-response-jq ^https:\/\/api\.pinduoduo\.com\/api\/caterham\/v3\/query\/order_detail_group\? 'delpaths([["data","goods_list"]])'
http-response-jq ^https:\/\/api\.pinduoduo\.com\/api\/aristotle\/order_list_v4\? '.orders? |= map(.order_buttons? |= map(del(.order_growth_tip)))'
http-response-jq ^https:\/\/api\.m\.jd\.com\/client\.action\?functionId=basicConfig '(if (getpath(["data","JDMessage","socketmonitor"]) | has("isSocketEstablishedAhead")) then setpath(["data","JDMessage","socketmonitor","isSocketEstablishedAhead"]; 0) else . end) | (if (getpath(["data","JDMessage","socketmonitor"]) | has("isSocketReport")) then setpath(["data","JDMessage","socketmonitor","isSocketReport"]; 0) else . end) | (if (getpath(["data","JDHttpToolKit","httpdns"]) | has("httpdns")) then setpath(["data","JDHttpToolKit","httpdns","httpdns"]; 0) else . end)'
http-response-jq ^https:\/\/acs\.m\.goofish\.com\/gw\/mtop\.taobao\.idlehome\.home\.nextfresh\/ '.data.homeTopList |= map(select(.sectionType == "kingkongDo")) | .data.sections |= map(select(.data.clickParam.args.cardType as $ct | $ct != "homeMultiBanner" and $ct != "mamaAD")) | .data.sections |= map(select((.template.name|type=="string")and(.template.name=="idlefish_home_new_commodity_card"or(.template.name|contains("fish_home_tags_item_card")))))'
http-response-jq ^https:\/\/acs\.m\.goofish\.com\/gw\/mtop\.taobao\.idlehome\.widget\.refresh\.get\/ '.data.homeTopList |= map(select(.sectionType == "kingkongDo"))'
http-response-jq ^https:\/\/acs\.m\.goofish\.com\/gw\/mtop\.taobao\.idle\.home\.whale\.modulet\/ '.data.container.sections |= map(select(.template.name == "fish_home_miniapp"))'
http-response-jq ^https:\/\/acs\.m\.goofish\.com\/gw\/mtop\.taobao\.idle\.fun\.follow\.feed\.list\/ '.data.sections|=map(select(.cardType==2001))'
http-response-jq ^https:\/\/acs\.m\.goofish\.com\/gw\/mtop\.taobao\.idlehome\.home\.community\/ '.data.feedsList |= map(select(.template.name == "idlefish_home_new_commodity_card" or .template.name == "idlefish_home_new_content_card"))'
http-response-jq ^https:\/\/acs\.m\.goofish\.com\/gw\/mtop\.taobao\.idlehome\.home\.newitem\.page\/ '.data.sections |= map(select(.data.clickParam.args.cardType as $ct | $ct != "banner" and $ct != "mamaAD"))'
http-response-jq ^https:\/\/acs\.m\.goofish\.com\/gw\/mtop\.taobao\.idle\.local\.flow\.plat\.section\/ '.data.data.components |= map(select(.data and (.data|type=="object") and .data.template and (.data.template|type=="object") and .data.template.name and (.data.template.name|type=="string") and (.data.template.name|contains("fish_city_kingkong"))))'
http-response-jq ^https:\/\/acs\.m\.goofish\.com\/gw\/mtop\.taobao\.idle\.local\.home\.top\/ '.data.data.components |= map(select(.key == "fish_home_second_stage_top_cardV3"))'
http-response-jq ^https:\/\/acs\.m\.goofish\.com\/gw\/mtop\.taobao\.idle\.local\.home\/ '.data.sections |= map(select((.template.cardEnum != "ads") and (.cardType == "common")))'
http-response-jq ^https:\/\/acs\.m\.goofish\.com\/gw\/mtop\.idle\.user\.page\.my\.adapter\/ '.data.container.sections |= map(select(.template.name | test("^my_fy[0-9]+_(header|user_info|trade|appraise|tools)$"))) | .data.container.sections |= map(.item |= (if .level and .level.exContent and (.level.exContent | has("tips")) then del(.level) else . end))'
http-response-jq ^https:\/\/rms\.meituan\.com\/api\/v1\/rmsmina\/c\/queryShopPortalInfo\? 'delpaths([["data","popUpWindows"]])'

[Map Local]
^https?:\/\/.*\.(ksapisrv|gifshow)\.com\/rest\/n\/(nearby\/widget\/info|taskCenter\/task\/report|ad\/|live\/feed\/info\/simplelive\/card) data-type=text data="{}" status-code=200 header="Content-Type:application/json"
^https?:\/\/.*\.amemv\.com\/aweme\/v\d\/(ad|splash)\/.* data-type=text data="{}" status-code=200 header="Content-Type:application/json"
^https?:\/\/.*\.amemv\.com\/aweme\/v\d\/coupon\/.* data-type=text data="{}" status-code=200 header="Content-Type:application/json"
^https?:\/\/.*\.gifshow\.com\/rest\/(n\/)?(ad|splash|commercial)\/.* data-type=text data="{}" status-code=200 header="Content-Type:application/json"
^https:\/\/api\.pinduoduo\.com\/search_hotquery\? data-type=text data="{}" status-code=200 header="Content-Type:application/json"
^https:\/\/api\.pinduoduo\.com\/api\/(aristotle\/(unrated_order_for_unreceived_tab|query_order_list_tabs_element)|aquarius\/hungary\/global\/homepage|caterham\/v3\/query\/(order_express_group|new_chat_group|personal|my_order_group|likes)) data-type=text data="{}" status-code=200 header="Content-Type:application/json"
^https:\/\/api\.pinduoduo\.com\/api\/(zaire_biz\/chat\/resource\/get_list_data|alexa\/goods\/back_up|brand-olay\/goods_detail\/bybt_guide|engels\/reviews\/require\/append|engels\/wait\/receive\/review) data-type=text data="{}" status-code=200 header="Content-Type:application/json"
^https:\/\/api\.pinduoduo\.com\/api\/(phantom\/gbdbpdv\/extra|manufacturer\/cross\/shortcut\/list|dunkirk\/liveactivity\/push\/create\/url\/report|growth\/nagato\/app\/index\/gather|buffon\/nasus\/recommend) data-type=text data="{}" status-code=200 header="Content-Type:application/json"
^https:\/\/api\.m\.jd\.com\/client\.action\?functionId=(searchBoxWord|stationPullService|uniformRecommend[06]) data-type=text data="{}" status-code=200 header="Content-Type:application/json"
^https:\/\/jxapi\.m\.jd\.com\/client\.action\?functionId=(jx_.*(ad|splash|pop|banner)|pg_.*) data-type=text data="{}" status-code=200 header="Content-Type:application/json"
^https:\/\/acs\.m\.taobao\.com\/gw\/mtop\.fliggy\.crm\.screen\.(allresource|predict) data-type=text data="{}" status-code=200 header="Content-Type:application/json"
^https:\/\/acs\.m\.taobao\.com\/gw\/mtop\.alibaba\.advertisementservice\.getadv data-type=text data="{}" status-code=200 header="Content-Type:application/json"
^https:\/\/acs\.m\.taobao\.com\/gw\/mtop\.alimama\.etao\.config\.query\/.+?etao_advertise data-type=text data="{}" status-code=200 header="Content-Type:application/json"
^https:\/\/acs\.m\.taobao\.com\/gw\/mtop\.alimusic\.common\.mobileservice\.startinit data-type=text data="{}" status-code=200 header="Content-Type:application/json"
^https:\/\/acs\.m\.taobao\.com\/gw\/mtop\.etao\.noah\.query\/.+tao_splash data-type=text data="{}" status-code=200 header="Content-Type:application/json"
^https:\/\/acs\.m\.taobao\.com\/gw\/mtop\.film\.mtopadvertiseapi\.queryadvertise data-type=text data="{}" status-code=200 header="Content-Type:application/json"
^https:\/\/acs\.m\.taobao\.com\/gw\/mtop\.o2o\.ad\.gateway\.get data-type=text data="{}" status-code=200 header="Content-Type:application/json"
^https:\/\/acs\.m\.taobao\.com\/gw\/mtop\.taobao\.idle\.home\.welcome data-type=text data="{}" status-code=200 header="Content-Type:application/json"
^https:\/\/acs\.m\.taobao\.com\/gw\/mtop\.trip\.activity\.querytmsresources data-type=text data="{}" status-code=200 header="Content-Type:application/json"
^https:\/\/(?:gw|heic)\.alicdn\.com\/imgextra\/i\d\/\d*\/?[\w!]+-\d-(?:octopus|tps)-(?:1080|1125)-\d{4}\.(?:jpg|png)_(?:1\d{3}|9\d{2})x(?:\d|1\d{3}|9\d{2})q[59]0 data-type=text data="{}" status-code=200 header="Content-Type:application/json"
^https:\/\/guide-acs\.m\.taobao\.com\/gw\/mtop\.taobao\.(volvo\.secondfloor\.getconfig|wireless\.home\.newface\.awesome\.get) data-type=text data="{}" status-code=200 header="Content-Type:application/json"
^https?:\/\/wmapi\.meituan\.com\/api\/v7\/(loadInfo|openscreen|startpicture)\? data-type=text data="{}" status-code=200 header="Content-Type:application/json"
^https?:\/\/(s3plus|flowplus)\.meituan\.net\/v\d\/\w+\/linglong\/\w+\.(gif|jpg|mp4) data-type=text data="{}" status-code=200 header="Content-Type:application/json"
^https?:\/\/img\.meituan\.net\/bizad\/bizad_brandCpt_\d+\.jpg data-type=text data="{}" status-code=200 header="Content-Type:application/json"
^https?:\/\/s3plus\.meituan\.net\/ocean-blk-index\/index\/blk_conf_\d+\.json data-type=text data="{}" status-code=200 header="Content-Type:application/json"
^https?:\/\/s3plus\.meituan\.net\/v1\/mss_\w+\/(brandcpt-vedio|waimai-alita)\/\w+\.zip$ data-type=text data="{}" status-code=200 header="Content-Type:application/json"
^https?:\/\/mall\.meituan\.com\/api\/c\/homepage\/splash data-type=text data="{}" status-code=200 header="Content-Type:application/json"
^https?:\/\/mall\.meituan\.com\/api\/c\/homepage\/bubble\/operate\/info data-type=text data="{\"code\": 0}" status-code=200 header="Content-Type:application/json"
^https?:\/\/p\.meituan\.com\/api\/privacy\/config data-type=text data="{}" status-code=200 header="Content-Type:application/json"
^https?:\/\/mapi\.dianping\.com\/mapi\/operating\/(indexopsmodules|loadsplashconfig) data-type=text data="{}" status-code=200 header="Content-Type:application/json"
^https?:\/\/mapi\.dianping\.com\/mapi\/intelliindex data-type=text data="{}" status-code=200 header="Content-Type:application/json"
^https?:\/\/mapi\.dianping\.com\/wdrpreload\/userprediction data-type=text data="{}" status-code=200 header="Content-Type:application/json"
^https?:\/\/mapi\.dianping\.com\/adshopping data-type=text data="{}" status-code=200 header="Content-Type:application/json"
^https?:\/\/rms\.meituan\.com\/api\/v\d\/rmsmina\/c\/queryWechatAdvertisement data-type=text data="{}" status-code=200 header="Content-Type:application/json"
^https?:\/\/fuss10\.elemecdn\.com\/.+\/w\/(640|750)\/h\/\d{3,4} data-type=text data="{}" status-code=200 header="Content-Type:application/json"
^https?:\/\/cube\.elemecdn\.com\/[\w\/]+\.jpeg\?x-oss-process=image\/resize,m_fill,w_\d{3,},h_\d{3,} data-type=text data="{}" status-code=200 header="Content-Type:application/json"
^https?:\/\/mapi\.appvipshop\.com\/vips-mobile\/rest\/activity\/advertisement\/get data-type=text data="{}" status-code=200 header="Content-Type:application/json"
^https?:\/\/mapi\.appvipshop\.com\/vips-mobile\/rest\/layout\/productList\/eventData\/v data-type=text data="{}" status-code=200 header="Content-Type:application/json"
^https?:\/\/mapi\.appvipshop\.com\/vips-mobile\/rest\/activity\/coupon\/float_entrance\/get\?api_key data-type=text data="{}" status-code=200 header="Content-Type:application/json"
^https?:\/\/edith\.xiaohongshu\.com\/api\/splash\/.* data-type=text data="{}" status-code=200 header="Content-Type:application/json"
^https?:\/\/app\.dewu\.com\/api\/v1\/splash data-type=text data="{}" status-code=200 header="Content-Type:application/json"
^https?:\/\/app\.dewu\.com\/api\/v1\/ad\/.* data-type=text data="{}" status-code=200 header="Content-Type:application/json"
^https?:\/\/m\.suning\.com\/api\/.*(splash|ad|banner) data-type=text data="{}" status-code=200 header="Content-Type:application/json"
^https?:\/\/acs\.m\.fliggy\.com\/gw\/mtop\.fliggy\.crm\.screen\..* data-type=text data="{}" status-code=200 header="Content-Type:application/json"

[Script]
移除京东广告 = type=http-response, pattern=^https:\/\/(api|jxapi)\.m\.jd\.com\/client\.action\?functionId=(deliverLayer|getTabHomeInfo|myOrderInfo|orderTrackBusiness|personinfoBusiness|start|welcomeHome), script-path=https://kelee.one/Resource/JavaScript/JD/JD_remove_ads.js, requires-body=true
移除淘宝开屏广告 = type=http-response, pattern=^https:\/\/guide-acs\.m\.taobao\.com\/gw\/mtop\.taobao\.(cloudvideo\.video\.query|wireless\.home\.splash\.awesome\.get), script-path=https://kelee.one/Resource/JavaScript/Taobao/Taobao_remove_ads.js, requires-body=true
移除淘宝开屏广告2 = type=http-response, pattern=^https:\/\/poplayer\.template\.alibaba\.com\/\w+\.json, script-path=https://kelee.one/Resource/JavaScript/Taobao/Taobao_remove_ads.js, requires-body=true
大众点评去广告 = type=http-response, pattern=^https?:\/\/img\.meituan\.net\/(dpmobile|goodsawardpic)\/, script-path=https://raw.githubusercontent.com/zirawell/R-Store/main/Res/Scripts/AntiAd/dianping.js, requires-body=true
大众点评去广告2 = type=http-response, pattern=^https?:\/\/ddplus\.meituan\.net\/v\d\/mss_\w+\/picassovc, script-path=https://raw.githubusercontent.com/zirawell/R-Store/main/Res/Scripts/AntiAd/dianping.js, requires-body=true

[MITM]
hostname = api.pinduoduo.com, api.m.jd.com, jxapi.m.jd.com, acs.m.taobao.com, acs.m.tmall.com, gw.alicdn.com, heic.alicdn.com, guide-acs.m.taobao.com, poplayer.template.alibaba.com, acs.m.goofish.com, wmapi.meituan.com, rms.meituan.com, mall.meituan.com, p.meituan.com, s3plus.meituan.net, flowplus.meituan.net, img.meituan.net, ddplus.meituan.net, *.dianping.com, *.elemecdn.com, mapi.appvipshop.com, edith.xiaohongshu.com, app.dewu.com, m.suning.com, acs.m.fliggy.com, *.amemv.com, *.gifshow.com, az*-api.ksapisrv.com, az*-api-idc.ksapisrv.com, apissl.gifshow.com, apissl.ksapisrv.com