#!name=地图去广告合集
#!desc=高德 + 百度地图广告清理
#!author=jnlaoshu
#!category=AdBlock
#!date=2026-04-03

[Rule]
DOMAIN,amap-aos-info-nogw.amap.com,REJECT
DOMAIN,free-aos-cdn-image.amap.com,REJECT
DOMAIN,optimus-ads.amap.com,REJECT
DOMAIN-SUFFIX,v.smtcdns.com,REJECT
DOMAIN,dss0.bdstatic.com,REJECT
DOMAIN,tb1.bdstatic.com,REJECT
DOMAIN,tb2.bdstatic.com,REJECT

[Rewrite]
# ── 高德地图 ──
^https?://.*\.amap\.com/ws/(valueadded|aos)/alimama/splash_screen - reject-dict
^https?://.*\.amap\.com/ws/shield/frogserver/aocs/updatable - reject-dict
^https?://.*\.amap\.com/ws/shield/dsp/profile/index/nodefaas - reject-dict
^https?://.*\.amap\.com/ws/shield/search/new_hotword - reject-dict
^https?://.*\.amap\.com/ws/shield/scene/recommend - reject-dict
^https?://.*\.amap\.com/ws/shield/search_poi/tips_adv - reject-dict
^https?://.*\.amap\.com/ws/shield/search/nearbyrec_smart - reject-dict
^https?://.*\.amap\.com/ws/faas/amap-navigation/(card-service-route-plan|card-service-car-end|main-page) - reject-dict
^https?://.*\.amap\.com/ws/promotion-web/resource - reject-dict
^https?://m5-zb\.amap\.com/ws/promotion-web/resource - reject-dict
^https?://(.*\.amap\.com|sns\.amap\.com)/ws/msgbox/pull - reject-dict
^https?://m5-zb\.amap\.com/ws/boss/order_web/\w+_information - reject-dict
^https?://m5-zb\.amap\.com/ws/sharedtrip/taxi/order_detail_car_tips - reject-dict
^https?://.*\.amap\.com/ws/valueadded/weather - reject-dict
# ── 百度地图 ──
^https?://newclient\.map\.baidu\.com/client/phpui2/\?qt=ads - reject-dict
^https?://newclient\.map\.baidu\.com/client/phpui.*qt=hw - reject-dict
^https?://newclient\.map\.baidu\.com/client/crossmarketing - reject-dict
^https?://newclient\.map\.baidu\.com/operation/activity - reject-dict
^https?://newclient\.map\.baidu\.com/client/usersystem/home/dynamic - reject-dict
^https?://newclient\.map\.baidu\.com/skin/center/recommend - reject-dict
^https?://newclient\.map\.baidu\.com/client/msgcenter/pull - reject-dict
^https?://newclient\.map\.baidu\.com/client/noticebar/get - reject-dict
^https?://newclient\.map\.baidu\.com/contributor-bus/bounty/tips - reject-dict

[MITM]
hostname = *.amap.com, m5-zb.amap.com, sns.amap.com, newclient.map.baidu.com, *.map.baidu.com, dss0.bdstatic.com, tb1.bdstatic.com, tb2.bdstatic.com, httpdns.baidubce.com
