#!name=音乐流媒体净化
#!desc=2026.04.07 更新。酷狗·酷我·Spotify·YT Music·网易云·汽水·QQ音乐
#!author=AI优化, Yu9191, Yuheng0101, Maasea, ddgksf2013, app2smile, kelee
#!homepage=https://raw.githubusercontent.com/jnlaoshu/MySelf/main/Egern/Module/MusicAdBlock.yaml

[Rule]
DOMAIN,ad.kugou.com,REJECT
DOMAIN,ads.kugou.com,REJECT
DOMAIN,gsp.kugou.com,REJECT
DOMAIN,adserv.kuwo.cn,REJECT
DOMAIN,rich.kuwo.cn,REJECT
DOMAIN,log.kuwo.cn,REJECT
DOMAIN,mobilead.kuwo.cn,REJECT
DOMAIN,kaiping.kuwo.cn,REJECT
DOMAIN,mgxhtj.kuwo.cn,REJECT
DOMAIN,audio-ads.spotify.com,REJECT
DOMAIN,ads-fa.spotify.com,REJECT
DOMAIN,ads.spotify.com,REJECT
DOMAIN,adserver.spotify.com,REJECT
DOMAIN,analytics.spotify.com,REJECT
DOMAIN,pubads.spotify.com,REJECT
DOMAIN,partner.spotify.com,REJECT
DOMAIN,admusicpic.music.126.net,REJECT
DOMAIN,iadmat.nosdn.127.net,REJECT
DOMAIN,iadmusicmat.music.126.net,REJECT
DOMAIN,iadmusicmatvideo.music.126.net,REJECT
DOMAIN,iadmatapk.nosdn.127.net,REJECT
DOMAIN,ipv4.music.163.com,REJECT
DOMAIN,ipv6.music.163.com,REJECT
DOMAIN,tmead.y.qq.com,REJECT
DOMAIN,ad.y.qq.com,REJECT
DOMAIN,ads.music.qq.com,REJECT
DOMAIN,ad.tencentmusic.com,REJECT
DOMAIN,adstats.tencentmusic.com,REJECT
DOMAIN,adcdn.tencentmusic.com,REJECT
DOMAIN,adexpo.tencentmusic.com,REJECT
DOMAIN,adclick.tencentmusic.com,REJECT
DOMAIN,monitor.music.qq.com,REJECT
DOMAIN,stat.y.qq.com,REJECT
DOMAIN,oth.str.mdt.qq.com,REJECT
DOMAIN,h.trace.qq.com,REJECT
DOMAIN,us.l.qq.com,REJECT

[Rewrite]
^https?:\/\/spclient\.wg\.spotify\.com\/(ad-logic|ads|ad)\/ reject
^https?:\/\/ads\.kugou\.com\/.* reject
^https?:\/\/splash\.kugou\.com\/.* reject
^https?:\/\/.*\.kuwo\.cn\/openapi\/v1\/app\/pasterAd reject
^https?:\/\/rich\.kuwo\.cn\/AdService reject
^https?:\/\/bd-api\.kuwo\.cn\/.* reject
http-response-jq ^https:\/\/(beta-luna\.douyin\.com|api\.qishui\.com)\/luna\/me\? 'del(.reward_ad_banner)'
http-response-jq ^https:\/\/(beta-luna\.douyin\.com|api\.qishui\.com)\/luna\/card 'del(.preview_guide)'
http-response-jq ^https:\/\/(beta-luna\.douyin\.com|api\.qishui\.com)\/luna\/search-block 'del(.search_chart_block)'
http-response-jq ^https:\/\/(beta-luna\.douyin\.com|api\.qishui\.com)\/luna\/activities 'del(.activity_map)'
http-response-jq ^https:\/\/(beta-luna\.douyin\.com|api\.qishui\.com)\/luna\/feed\/song-tab '.items |= map(select(.type == "track"))'

[Map Local]
^https?:\/\/interface\d?\.music\.163\.com\/eapi\/(?:delivery\/(batch-)?deliver|moment\/tab\/info\/|side-bar\/mini-program\/music-service\/account|yunbei\/account\/entrance\/|community\/friends\/fans-group\/artist\/group\/|mine\/applet\/redpoint|music\/songshare\/text\/recommend\/|resniche\/position\/play\/new\/|resniche\/tspopup\/show|resource\/comments?\/musiciansaid\/|user\/sub\/artist|ios\/version|mlivestream\/entrance\/playpage\/|link\/position\/show\/strategy|link\/scene\/show\/resource|v1\/content\/exposure\/comment\/banner\/) data-type=text data="{}" status-code=200
^https?:\/\/interface\d?\.music\.163\.com\/w?eapi\/(?:activity\/bonus\/playpage\/time\/query|resource-exposure\/|search\/(?:chart\/|rcmd\/keyword\/|specialkeyword\/)) data-type=text data="{}" status-code=200
^https:\/\/interface\d\.music\.163\.com\/eapi\/my\/podcast\/tab\/recommend data-type=text data="{}" status-code=200
^https?:\/\/interface\d?\.music\.163\.com\/e?api\/(ocpc\/)?ad\/ data-type=text data="" header="Content-Type:text/plain"
^https?:\/\/interface\d?\.music\.163.com\/w?e?api\/search\/default data-type=text data="" header="Content-Type:text/plain"
^https?:\/\/interface(\d)?\.music\.163\.com\/e?api\/content\/activity\/music\/jar\/template\/list data-type=text data="{}" status-code=200 header="Content-Type:application/json"
^https?:\/\/interface(\d)?\.music\.163\.com\/e?api\/sp\/flow\/popup\/query data-type=text data="{}" status-code=200 header="Content-Type:application/json"
^https?:\/\/us\.l\.qq\.com\/exapp data-type=text data="{}" status-code=200 header="Content-Type:application/json"
^https?:\/\/y\.gtimg\.cn\/music\/common\/upload\/(t_splash_info|targeted_ads|kg_ad) data-type=text data="{}" status-code=200 header="Content-Type:application/json"
^https:\/\/(beta-luna\.douyin\.com|api\.qishui\.com)\/luna\/(media_ads|ads|commerce|hashtag\/recommend) data-type=text data="{}" status-code=200 header="Content-Type:application/json"
^https:\/\/(beta-luna\.douyin\.com|api\.qishui\.com)\/location\/info data-type=text data="{}" status-code=200 header="Content-Type:application/json"
^https:\/\/tnc.*zijieapi\.com\/get_domains data-type=text data="{}" status-code=200 header="Content-Type:application/json"

[Script]
酷狗_核心净化 = type=http-response, pattern=^https?:\/\/.*\.kugou\.com\/(v[0-9]+|openapi|userdata|ssr|vip|card)\/.*,  requires-body=true, script-path=https://raw.githubusercontent.com/Yu9191/Rewrite/refs/heads/main/kugou.js
酷我_核心净化 = type=http-response, pattern=^https?:\/\/.*\.kuwo\.cn\/(openapi|mobi|vip|homepages)\/.*,  requires-body=true, script-path=https://raw.githubusercontent.com/Yuheng0101/X/main/Scripts/kuwo.js
Spotify_核心净化 = type=http-response, pattern=^https:\/\/(spclient\.wg\.spotify\.com|.*-spclient\.spotify\.com(:443)?)\/((bootstrap\/v1\/bootstrap|user-customization-service\/v1\/customize))$, requires-body=true, binary-body-mode=true, script-path=https://raw.githubusercontent.com/app2smile/rules/master/js/spotify-proto.js
YTM_Enhance = type=http-response, pattern=^https:\/\/youtubei\.googleapis\.com\/(youtubei\/v1\/(browse|next|player|search|reel\/reel_watch_sequence|guide|account\/get_setting|get_watch))(\?(.*))?$, requires-body=true, binary-body-mode=true, script-path=https://raw.githubusercontent.com/Maasea/sgmodule/master/Script/Youtube/youtube.response.js
网易云_核心净化 = type=http-response, pattern=^https?:\/\/interface(\d)?\.music\.163\.com\/e?api\/(link|ad|search|vipnewcenter|side-bar|vip)\/.*,  requires-body=true, script-path=https://gist.githubusercontent.com/ddgksf2013/4f53b7c6083678df25fecc8ff68b52c4/raw/netease.adblock.js

[MITM]
hostname = *.kugou.com, *.kuwo.cn, spclient.wg.spotify.com, *spclient.spotify.com, youtubei.googleapis.com, interface*.music.163.com, *.music.126.net, music.163.com, beta-luna.douyin.com, api.qishui.com, tnc*-*.zijieapi.com, *.y.qq.com, *.tencentmusic.com, y.gtimg.cn, music.qq.com, api.spotify.com, *.googlevideo.com