#!name=差旅出行去广告
#!desc=2026.04.06 | 滴滴出行、12306、携程、哈啰
#!author=AI, ddgksf2013
#!homepage=https://raw.githubusercontent.com/jnlaoshu/MySelf/main/Egern/Module/TravelAdBlock.yaml

[Rule]
# ── 滴滴出行 ──
DOMAIN,gts.diditaxi.com.cn,REJECT
DOMAIN,xflow.didistatic.com,REJECT
DOMAIN,adx.xiaojukeji.com,REJECT

# ── 铁路 12306 ──
DOMAIN,ad.12306.cn,REJECT

# ── 携程旅行 ──
DOMAIN,ad.ctrip.com,REJECT

# ── 哈啰出行 ──
DOMAIN,ad.hellobike.com,REJECT

[Rewrite]
# ── 哈啰出行静态广告拦截 ──
^https?:\/\/image\.hellobike\.com\/images\/ad_.* reject

# ── 滴滴出行 (JQ 响应体精简) ──
http-response-jq ^https?:\/\/api\.didiglobal\.com\/gulfstream\/passenger\/v2\/core\/experience 'del(.data.cards[]? | select(.type == "operation" or .type == "marketing" or .type == "banner"))'

# ── 铁路 12306 (JQ 响应体精简) ──
http-response-jq ^https?:\/\/mobile\.12306\.cn\/otsmobile\/app\/mgs\/mgw\.htm 'del(.materialsList, .advertParam, .appDynamicParam)'

# ── 携程旅行 (JQ 响应体精简) ──
http-response-jq ^https?:\/\/m\.ctrip\.com\/restapi\/soa2\/16709\/json\/getHomePageData 'del(.data.PromotionList, .data.BannerList, .data.FloatWindow)'

# ── 哈啰出行 (JQ 响应体精简) ──
http-response-jq ^https?:\/\/api\.hellobike\.com\/api\.boss\.boss\.AppHomeBoss\/getHomeBoss 'if .data and .data.homeCardVos then .data.homeCardVos |= map(select(.cardType != "marketing" and .cardType != "operation" and .cardType != "banner")) else . end'
http-response-jq ^https?:\/\/api\.hellobike\.com\/api\.vehicle\.bike\.bikeHome\/getConfig 'del(.data.banner, .data.floatLayer, .data.popWindow)'

[Map Local]
# ── 原 reject-dict 转换为 Egern 原生强 Mock (防红字报错) ──

# ── 滴滴出行 ──
^https?:\/\/api\.didiglobal\.com\/gulfstream\/splash\/v1\/ad data-type=text data="{}" status-code=200
^https?:\/\/api\.didiglobal\.com\/gulfstream\/passenger\/v2\/app\/launch data-type=text data="{}" status-code=200

# ── 铁路 12306 ──
^https?:\/\/mobile\.12306\.cn\/otsmobile\/app\/mgs\/mgw\.htm\?operation=appAdList data-type=text data="{}" status-code=200

# ── 携程旅行 ──
^https?:\/\/m\.ctrip\.com\/restapi\/soa2\/(16189\/json\/searchAppFloatWindow|14446\/json\/getSplashConfig) data-type=text data="{}" status-code=200

# ── 哈啰出行 ──
^https?:\/\/api\.hellobike\.com\/api\.common\.activity\.AppAd\/getAd data-type=text data="{}" status-code=200
^https?:\/\/api\.hellobike\.com\/api\.common\.ad\.AdAdver\/getAdverList data-type=text data="{}" status-code=200

[MITM]
hostname = api.didiglobal.com, gts.diditaxi.com.cn, mobile.12306.cn, ad.12306.cn, api.hellobike.com, m.ctrip.com
