#!name=流媒体去广告
#!desc=2026.04.09 11:35。爱奇艺、优酷、腾讯视频、芒果TV、B站、Netflix、Disney+ 及 Max。
#!author=AI优化, ddgksf2013, app2smile, Maasea
#!homepage=https://raw.githubusercontent.com/jnlaoshu/MySelf/main/Egern/Module/VideoAdBlock.yaml

[Rule]
DOMAIN,adsmind.gdtimg.com,REJECT
DOMAIN,tmead.y.qq.com,REJECT
DOMAIN,btrace.qq.com,REJECT
DOMAIN,btrace.video.qq.com,REJECT
DOMAIN,advideo.qq.com,REJECT
DOMAIN,ad.qq.com,REJECT
DOMAIN,t7z.cupid.iqiyi.com,REJECT
DOMAIN,t7z.cupid.ptqy.gitv.tv,REJECT
DOMAIN,msg.iqiyi.com,REJECT
DOMAIN,cupid.iqiyi.com,REJECT
DOMAIN,ad.iqiyi.com,REJECT
DOMAIN,ad.m.youku.com,REJECT
DOMAIN,val.youku.com,REJECT
DOMAIN,lstat.youku.com,REJECT
DOMAIN,ykad.youku.com,REJECT
DOMAIN,da.mgtv.com,REJECT
DOMAIN,x-da.mgtv.com,REJECT
DOMAIN,ad.mgtv.com,REJECT
DOMAIN,mall.bilibili.com,REJECT
DOMAIN,cm.bilibili.com,REJECT
DOMAIN,ichnaea.netflix.com,REJECT
DOMAIN,beacon.netflix.com,REJECT
DOMAIN,ads.netflix.com,REJECT
DOMAIN,nubrid.netflix.com,REJECT
DOMAIN,log.netflix.com,REJECT
DOMAIN,telemetry.netflix.com,REJECT
DOMAIN,analytics.netflix.com,REJECT
DOMAIN,events.netflix.com,REJECT
DOMAIN,fls.netflix.com,REJECT
DOMAIN,ads.disneyplus.com,REJECT
DOMAIN,disneyadvertising.com,REJECT
DOMAIN,beacon.disneyplus.com,REJECT
DOMAIN,log.disneyplus.com,REJECT
DOMAIN,tracking.disneyplus.com,REJECT
DOMAIN,analytics.disneyplus.com,REJECT
DOMAIN,telemetry.disneyplus.com,REJECT
DOMAIN,ads.max.com,REJECT
DOMAIN,beacon.max.com,REJECT
DOMAIN,log.max.com,REJECT
DOMAIN,tracking.max.com,REJECT
DOMAIN,telemetry.max.com,REJECT
DOMAIN,braze.max.com,REJECT
DOMAIN,brightline.tv,REJECT

[Map Local]
# ── YouTube Initplayback 广告拦截 ──
^https?:\/\/[\w-]+\.googlevideo\.com\/initplayback.+&oad data-type=text data="" status-code=200 header="Content-Type:text/plain"

^https?:\/\/livew\.l\.qq\.com\/livemsg\? data-type=text data="{}" status-code=200 header="Content-Type:application/json"
^https?:\/\/ad\.qq\.com\/.* data-type=text data="{}" status-code=200 header="Content-Type:application/json"
^https?:\/\/ifacelog\.iqiyi\.com\/.* data-type=text data="{}" status-code=200 header="Content-Type:application/json"
^https?:\/\/dash-api\.iqiyi\.com\/mac\/api\/ad\/ data-type=text data="{}" status-code=200 header="Content-Type:application/json"
^https?:\/\/cupid\.iqiyi\.com\/.* data-type=text data="{}" status-code=200 header="Content-Type:application/json"
^https?:\/\/vali\.cp31\.ott\.cibntv\.net\/.* data-type=text data="{}" status-code=200 header="Content-Type:application/json"
^https?:\/\/ykad-data\.youku\.com\/.* data-type=text data="{}" status-code=200 header="Content-Type:application/json"
^https?:\/\/ad\.m\.youku\.com\/.* data-type=text data="{}" status-code=200 header="Content-Type:application/json"
^https?:\/\/app\.mgtv\.com\/v1\/splash\/.* data-type=text data="{}" status-code=200 header="Content-Type:application/json"
^https?:\/\/ad\.mgtv\.com\/.* data-type=text data="{}" status-code=200 header="Content-Type:application/json"
^https?:\/\/app\.bilibili\.com\/x\/v2\/splash\/.* data-type=text data="{}" status-code=200 header="Content-Type:application/json"
^https?:\/\/app\.bilibili\.com\/x\/v2\/account\/teenagers\/.* data-type=text data="{}" status-code=200 header="Content-Type:application/json"
^https?:\/\/(ichnaea|beacon|ads|nubrid|log|telemetry|analytics|events|fls)\.netflix\.com\/.* data-type=text data="{}" status-code=200 header="Content-Type:application/json"
^https?:\/\/(ads|beacon|log|tracking|analytics|telemetry)\.disneyplus\.com\/.* data-type=text data="{}" status-code=200 header="Content-Type:application/json"
^https?:\/\/disneyadvertising\.com\/.* data-type=text data="{}" status-code=200 header="Content-Type:application/json"
^https?:\/\/(ads|beacon|log|tracking|telemetry|braze)\.max\.com\/.* data-type=text data="{}" status-code=200 header="Content-Type:application/json"
^https?:\/\/brightline\.tv\/.* data-type=text data="{}" status-code=200 header="Content-Type:application/json"

[Script]
# ── B站 ──
B站_JSON净化 = type=http-response, pattern=^https:\/\/app\.bilibili\.com\/x\/(v2\/(splash\/(list|show)|feed\/index\?)|resource\/show\/tab\/v2), requires-body=true, script-path=https://raw.githubusercontent.com/app2smile/rules/master/js/bilibili-json.js
B站_Proto净化 = type=http-response, pattern=^https:\/\/(grpc\.biliapi\.net|app\.bilibili\.com)\/bilibili\.app\.(view\.v1\.View\/View|dynamic\.v2\.Dynamic\/DynAll|playurl\.v1\.PlayURL\/PlayView)$, requires-body=true, binary-body-mode=true, script-path=https://raw.githubusercontent.com/app2smile/rules/master/js/bilibili-proto.js

# ── 优酷 ──
优酷_核心净化 = type=http-response, pattern=^https?:\/\/.*\.youku\.com\/.*, requires-body=true, script-path=https://gist.githubusercontent.com/ddgksf2013/5b431857f8b88acbc7ac2453a21e676a/raw/youku.adblock.js

# ── YouTube Enhance ──
YTM_Enhance = type=http-response, pattern=^https:\/\/youtubei\.googleapis\.com\/(youtubei\/v1\/(browse|next|player|search|reel\/reel_watch_sequence|guide|account\/get_setting|get_watch))(\?(.*))?$, requires-body=true, binary-body-mode=true, argument={"lyricLang":"off","captionLang":"off","blockUpload":true,"blockImmersive":true,"blockShorts":false,"debug":false}, script-path=https://raw.githubusercontent.com/Maasea/sgmodule/master/Script/Youtube/youtube.response.js

[MITM]
hostname = *.iqiyi.com, *.youku.com, *.mgtv.com, *.bilibili.com, grpc.biliapi.net, youtubei.googleapis.com, *.googlevideo.com, *.netflix.com, *.disneyplus.com, *.disney.com, *.max.com, *.hbomax.com